
Microsoft Visual Studio Solution File, Format Version 12.00
# Visual Studio Version 17
VisualStudioVersion = 17.5.33530.505
MinimumVisualStudioVersion = 10.0.40219.1
Project("{FAE04EC0-301F-11D3-BF4B-00C04F79EFBC}") = "Business_Layer", "Business_Layer\Business_Layer.csproj", "{8B89B810-BCC4-4A0C-A115-B38E2688F8DE}"
EndProject
Project("{FAE04EC0-301F-11D3-BF4B-00C04F79EFBC}") = "Data_Access_Layer", "Data_Access_Layer\Data_Access_Layer.csproj", "{821786B0-A647-4B8F-9673-C535ACD603A4}"
EndProject
Project("{FAE04EC0-301F-11D3-BF4B-00C04F79EFBC}") = "Presentation_Layer", "Presentation_Layer\Presentation_Layer.csproj", "{BE75C549-BA00-4264-BAE1-BF836E6722F7}"
EndProject
Global
	GlobalSection(SolutionConfigurationPlatforms) = preSolution
		Debug|Any CPU = Debug|Any CPU
		Release|Any CPU = Release|Any CPU
	EndGlobalSection
	GlobalSection(ProjectConfigurationPlatforms) = postSolution
		{8B89B810-BCC4-4A0C-A115-B38E2688F8DE}.Debug|Any CPU.ActiveCfg = Debug|Any CPU
		{8B89B810-BCC4-4A0C-A115-B38E2688F8DE}.Debug|Any CPU.Build.0 = Debug|Any CPU
		{8B89B810-BCC4-4A0C-A115-B38E2688F8DE}.Release|Any CPU.ActiveCfg = Release|Any CPU
		{8B89B810-BCC4-4A0C-A115-B38E2688F8DE}.Release|Any CPU.Build.0 = Release|Any CPU
		{821786B0-A647-4B8F-9673-C535ACD603A4}.Debug|Any CPU.ActiveCfg = Debug|Any CPU
		{821786B0-A647-4B8F-9673-C535ACD603A4}.Debug|Any CPU.Build.0 = Debug|Any CPU
		{821786B0-A647-4B8F-9673-C535ACD603A4}.Release|Any CPU.ActiveCfg = Release|Any CPU
		{821786B0-A647-4B8F-9673-C535ACD603A4}.Release|Any CPU.Build.0 = Release|Any CPU
		{BE75C549-BA00-4264-BAE1-BF836E6722F7}.Debug|Any CPU.ActiveCfg = Debug|Any CPU
		{BE75C549-BA00-4264-BAE1-BF836E6722F7}.Debug|Any CPU.Build.0 = Debug|Any CPU
		{BE75C549-BA00-4264-BAE1-BF836E6722F7}.Release|Any CPU.ActiveCfg = Release|Any CPU
		{BE75C549-BA00-4264-BAE1-BF836E6722F7}.Release|Any CPU.Build.0 = Release|Any CPU
	EndGlobalSection
	GlobalSection(SolutionProperties) = preSolution
		HideSolutionNode = FALSE
	EndGlobalSection
	GlobalSection(ExtensibilityGlobals) = postSolution
		SolutionGuid = {554A58E9-CD8F-4B36-9BCE-7F62883BC597}
	EndGlobalSection
EndGlobal
